github.com/btcsuite/btcd v0.0.0-20181013004428-67e573d211ac h1:/zx+Hglw2JN/pwVam1Z8cTCTl4pWyrbvOn2oooqCQSs=
github.com/btcsuite/btcd v0.0.0-20181013004428-67e573d211ac/go.mod h1:Dmm/EzmjnCiweXmzRIAiUWCInVmPgjkzgv5k4tVyXiQ=
github.com/btcsuite/btcutil v0.0.0-20180706230648-ab6388e0c60a h1:RQMUrEILyYJEoAT34XS/kLu40vC0+po/UfxrBBA4qZE=
github.com/btcsuite/btcutil v0.0.0-20180706230648-ab6388e0c60a/go.mod h1:+5NJ2+qvTyV9exUAL/rxXi3DcLg2Ts+ymUAY5y4NvMg=
github.com/davecgh/go-spew v1.1.1 h1:vj9j/u1bqnvCEfJOwUhtlOARqs3+rkHYY13jYWTU97c=
github.com/davecgh/go-spew v1.1.1/go.mod h1:J7Y8YcW2NihsgmVo/mv3lAwl/skON4iLHjSsI+c5H38=
github.com/golang/crypto v0.0.0-20181025213731-e84da0312774 h1:XSfzjOw/bKhTXIVkmk6NVuATPu3zFjxWfUnrpvi0iig=
github.com/golang/crypto v0.0.0-20181025213731-e84da0312774/go.mod h1:uZvAcrsnNaCxlh1HorK5dUQHGmEKPh2H/Rl1kehswPo=
github.com/golang/crypto v0.0.0-20181030102418-4d3f4d9ffa16 h1:eYYX4kSnlwJkijnThiBqTSx3NiIV1R2K1SkNo7viDi0=
github.com/golang/crypto v0.0.0-20181030102418-4d3f4d9ffa16/go.mod h1:uZvAcrsnNaCxlh1HorK5dUQHGmEKPh2H/Rl1kehswPo=
github.com/sammy00/base58 v1.0.0 h1:e1I/oUKG2ncXatK1rVH3/bsy5sIqKLMdatqwr/zpS0Q=
github.com/sammy00/base58 v1.0.0/go.mod h1:YnqWaWG1fmFImPqhKdfA3UFaFzmW3eP3yX7puS5NmP8=
